
Microsoft Visual Studio Solution File, Format Version 12.00
# Visual Studio Version 16
VisualStudioVersion = 16.0.31025.194
MinimumVisualStudioVersion = 10.0.40219.1
Project("{FAE04EC0-301F-11D3-BF4B-00C04F79EFBC}") = "TutoriasWeb", "TutoriasWeb.csproj", "{709DDAD5-F12A-4033-8E62-13794F7BF19F}"
EndProject
Global
	GlobalSection(SolutionConfigurationPlatforms) = preSolution
		Debug|Any CPU = Debug|Any CPU
		Release|Any CPU = Release|Any CPU
	EndGlobalSection
	GlobalSection(ProjectConfigurationPlatforms) = postSolution
		{709DDAD5-F12A-4033-8E62-13794F7BF19F}.Debug|Any CPU.ActiveCfg = Debug|Any CPU
		{709DDAD5-F12A-4033-8E62-13794F7BF19F}.Debug|Any CPU.Build.0 = Debug|Any CPU
		{709DDAD5-F12A-4033-8E62-13794F7BF19F}.Release|Any CPU.ActiveCfg = Release|Any CPU
		{709DDAD5-F12A-4033-8E62-13794F7BF19F}.Release|Any CPU.Build.0 = Release|Any CPU
	EndGlobalSection
	GlobalSection(SolutionProperties) = preSolution
		HideSolutionNode = FALSE
	EndGlobalSection
	GlobalSection(ExtensibilityGlobals) = postSolution
		SolutionGuid = {978D1C55-2DB2-4BFE-B10D-EE28B6882366}
	EndGlobalSection
EndGlobal
